
Microsoft Visual Studio Solution File, Format Version 12.00
# Visual Studio Version 16
VisualStudioVersion = 16.0.29306.81
MinimumVisualStudioVersion = 10.0.40219.1
Project("{888888A0-9F3D-457C-B088-3A5042F75D52}") = "BasicProject", "BasicProject\BasicProject.pyproj", "{FDE176D1-B442-4513-A69B-181B782D608A}"
EndProject
Global
	GlobalSection(SolutionConfigurationPlatforms) = preSolution
		Debug|Any CPU = Debug|Any CPU
		Release|Any CPU = Release|Any CPU
	EndGlobalSection
	GlobalSection(ProjectConfigurationPlatforms) = postSolution
		{FDE176D1-B442-4513-A69B-181B782D608A}.Debug|Any CPU.ActiveCfg = Debug|Any CPU
		{FDE176D1-B442-4513-A69B-181B782D608A}.Debug|Any CPU.Build.0 = Debug|Any CPU
		{FDE176D1-B442-4513-A69B-181B782D608A}.Release|Any CPU.ActiveCfg = Release|Any CPU
		{FDE176D1-B442-4513-A69B-181B782D608A}.Release|Any CPU.Build.0 = Release|Any CPU
	EndGlobalSection
	GlobalSection(SolutionProperties) = preSolution
		HideSolutionNode = FALSE
	EndGlobalSection
	GlobalSection(ExtensibilityGlobals) = postSolution
		SolutionGuid = {88752B7B-B4EA-44BD-8688-0F46F527F8AA}
	EndGlobalSection
EndGlobal
